dependencies:
- name: core-api
  repository: file://../charts/core-api
  version: 0.2.0
- name: frontend
  repository: file://../charts/frontend
  version: 0.1.0
- name: mcp-router
  repository: file://../charts/mcp-router
  version: 0.2.0
- name: graph-service
  repository: file://../charts/graph-service
  version: 0.2.0
- name: cerebro
  repository: file://../charts/cerebro
  version: 0.2.0
- name: rtb-engine
  repository: file://../charts/rtb-engine
  version: 0.2.0
- name: ingestion-worker
  repository: file://../charts/ingestion-worker
  version: 0.2.0
- name: postgres
  repository: file://../charts/postgres
  version: 0.1.0
- name: opensearch
  repository: file://../charts/opensearch
  version: 0.1.0
- name: qdrant
  repository: file://../charts/qdrant
  version: 0.1.0
digest: sha256:e1622e6f16aba15697d327777ec6cbf44edbe846be6a8fb501674cdfce775848
generated: "2026-03-10T09:25:32.199863+02:00"
