dependencies:
- name: postgresql
  repository: https://charts.bitnami.com/bitnami
  version: 15.5.0
- name: neo4j
  repository: https://helm.neo4j.com/neo4j
  version: 5.21.0
- name: clickhouse
  repository: https://radondb.github.io/clickhouse-cluster-helm/
  version: 0.1.0
- name: opensearch
  repository: https://opensearch-project.github.io/helm-charts
  version: 2.16.0
- name: qdrant
  repository: https://qdrant.github.io/qdrant-helm
  version: 0.1.0
digest: sha256:abcb92f03db4f95c739ddf454679935dbc1df715bbd57c3549a75bda18c47618
generated: "2026-05-18T01:06:19.253505+03:00"
