dependencies:
- name: api-gateway
  repository: file://./subcharts/api/gateway
  version: 0.1.0
- name: api-auth
  repository: file://./subcharts/api/auth
  version: 0.1.0
- name: api-search
  repository: file://./subcharts/api/search
  version: 0.1.0
- name: api-analytics
  repository: file://./subcharts/api/analytics
  version: 0.1.0
- name: api-ingestion
  repository: file://./subcharts/api/ingestion
  version: 0.1.0
- name: api-datasets
  repository: file://./subcharts/api/datasets
  version: 0.1.0
- name: api-ai
  repository: file://./subcharts/api/ai
  version: 0.1.0
- name: api-reports
  repository: file://./subcharts/api/reports
  version: 0.1.0
- name: api-notifications
  repository: file://./subcharts/api/notifications
  version: 0.1.0
- name: api-admin
  repository: file://./subcharts/api/admin
  version: 0.1.0
- name: workers-ingestion
  repository: file://./subcharts/workers/ingestion
  version: 0.1.0
- name: workers-embedding
  repository: file://./subcharts/workers/embedding
  version: 0.1.0
- name: workers-ocr
  repository: file://./subcharts/workers/ocr
  version: 0.1.0
- name: workers-stt
  repository: file://./subcharts/workers/stt
  version: 0.1.0
- name: workers-analytics
  repository: file://./subcharts/workers/analytics
  version: 0.1.0
- name: workers-reports
  repository: file://./subcharts/workers/reports
  version: 0.1.0
- name: workers-notifications
  repository: file://./subcharts/workers/notifications
  version: 0.1.0
- name: workers-sync
  repository: file://./subcharts/workers/sync
  version: 0.1.0
- name: workers-cleanup
  repository: file://./subcharts/workers/cleanup
  version: 0.1.0
- name: workers-backup
  repository: file://./subcharts/workers/backup
  version: 0.1.0
- name: orchestration-beat
  repository: file://./subcharts/orchestration/beat
  version: 0.1.0
- name: orchestration-flower
  repository: file://./subcharts/orchestration/flower
  version: 0.1.0
- name: orchestration-airflow
  repository: file://./subcharts/orchestration/airflow
  version: 0.1.0
- name: orchestration-airflow-worker
  repository: file://./subcharts/orchestration/airflow-worker
  version: 0.1.0
- name: orchestration-airflow-web
  repository: file://./subcharts/orchestration/airflow-web
  version: 0.1.0
- name: connectors-telegram
  repository: file://./subcharts/connectors/telegram
  version: 0.1.0
- name: connectors-excel
  repository: file://./subcharts/connectors/excel
  version: 0.1.0
- name: connectors-pdf
  repository: file://./subcharts/connectors/pdf
  version: 0.1.0
- name: connectors-docx
  repository: file://./subcharts/connectors/docx
  version: 0.1.0
- name: connectors-images
  repository: file://./subcharts/connectors/images
  version: 0.1.0
- name: connectors-api
  repository: file://./subcharts/connectors/api
  version: 0.1.0
- name: connectors-database
  repository: file://./subcharts/connectors/database
  version: 0.1.0
- name: connectors-sftp
  repository: file://./subcharts/connectors/sftp
  version: 0.1.0
- name: connectors-s3
  repository: file://./subcharts/connectors/s3
  version: 0.1.0
- name: connectors-gcs
  repository: file://./subcharts/connectors/gcs
  version: 0.1.0
- name: connectors-email
  repository: file://./subcharts/connectors/email
  version: 0.1.0
- name: connectors-websocket
  repository: file://./subcharts/connectors/websocket
  version: 0.1.0
- name: connectors-kafka
  repository: file://./subcharts/connectors/kafka
  version: 0.1.0
- name: connectors-customs
  repository: file://./subcharts/connectors/customs
  version: 0.1.0
- name: connectors-registry
  repository: file://./subcharts/connectors/registry
  version: 0.1.0
- name: ai-ollama
  repository: file://./subcharts/ai/ollama
  version: 0.1.0
- name: ai-llm-router
  repository: file://./subcharts/ai/llm-router
  version: 0.1.0
- name: ai-council
  repository: file://./subcharts/ai/council
  version: 0.1.0
- name: ai-prompts
  repository: file://./subcharts/ai/prompts
  version: 0.1.0
- name: ai-context
  repository: file://./subcharts/ai/context
  version: 0.1.0
- name: ai-validator
  repository: file://./subcharts/ai/validator
  version: 0.1.0
- name: ai-hallucination
  repository: file://./subcharts/ai/hallucination
  version: 0.1.0
- name: ai-token-optimizer
  repository: file://./subcharts/ai/token-optimizer
  version: 0.1.0
- name: ai-registry
  repository: file://./subcharts/ai/registry
  version: 0.1.0
- name: ai-cache
  repository: file://./subcharts/ai/cache
  version: 0.1.0
- name: ai-embedding
  repository: file://./subcharts/ai/embedding
  version: 0.1.0
- name: ai-indexer
  repository: file://./subcharts/ai/indexer
  version: 0.1.0
- name: ai-search
  repository: file://./subcharts/ai/search
  version: 0.1.0
- name: ai-ranker
  repository: file://./subcharts/ai/ranker
  version: 0.1.0
- name: ai-collections
  repository: file://./subcharts/ai/collections
  version: 0.1.0
- name: ai-backup
  repository: file://./subcharts/ai/backup
  version: 0.1.0
- name: ai-compaction
  repository: file://./subcharts/ai/compaction
  version: 0.1.0
- name: ai-rag-orchestrator
  repository: file://./subcharts/ai/rag-orchestrator
  version: 0.1.0
- name: ai-retriever
  repository: file://./subcharts/ai/retriever
  version: 0.1.0
- name: ai-reranker
  repository: file://./subcharts/ai/reranker
  version: 0.1.0
- name: ai-chunk-processor
  repository: file://./subcharts/ai/chunk-processor
  version: 0.1.0
- name: ai-knowledge-graph
  repository: file://./subcharts/ai/knowledge-graph
  version: 0.1.0
- name: ai-citation-generator
  repository: file://./subcharts/ai/citation-generator
  version: 0.1.0
- name: ai-answer-synthesizer
  repository: file://./subcharts/ai/answer-synthesizer
  version: 0.1.0
- name: ai-ocr
  repository: file://./subcharts/ai/ocr
  version: 0.1.0
- name: ai-stt
  repository: file://./subcharts/ai/stt
  version: 0.1.0
- name: ai-ner
  repository: file://./subcharts/ai/ner
  version: 0.1.0
- name: ai-sentiment
  repository: file://./subcharts/ai/sentiment
  version: 0.1.0
- name: ai-anomaly
  repository: file://./subcharts/ai/anomaly
  version: 0.1.0
- name: ai-risk
  repository: file://./subcharts/ai/risk
  version: 0.1.0
- name: ai-classification
  repository: file://./subcharts/ai/classification
  version: 0.1.0
- name: ai-summarizer
  repository: file://./subcharts/ai/summarizer
  version: 0.1.0
- name: ai-translator
  repository: file://./subcharts/ai/translator
  version: 0.1.0
- name: ai-graph
  repository: file://./subcharts/ai/graph
  version: 0.1.0
- name: data-postgres
  repository: file://./subcharts/data/postgres
  version: 0.1.0
- name: data-postgres-replica
  repository: file://./subcharts/data/postgres-replica
  version: 0.1.0
- name: data-pgbouncer
  repository: file://./subcharts/data/pgbouncer
  version: 0.1.0
- name: data-postgres-backup
  repository: file://./subcharts/data/postgres-backup
  version: 0.1.0
- name: data-postgres-monitor
  repository: file://./subcharts/data/postgres-monitor
  version: 0.1.0
- name: data-opensearch
  repository: file://./subcharts/data/opensearch
  version: 0.1.0
- name: data-opensearch-data
  repository: file://./subcharts/data/opensearch-data
  version: 0.1.0
- name: data-opensearch-ingest
  repository: file://./subcharts/data/opensearch-ingest
  version: 0.1.0
- name: data-dashboards
  repository: file://./subcharts/data/dashboards
  version: 0.1.0
- name: data-curator
  repository: file://./subcharts/data/curator
  version: 0.1.0
- name: data-opensearch-backup
  repository: file://./subcharts/data/opensearch-backup
  version: 0.1.0
- name: data-kafka
  repository: file://./subcharts/data/kafka
  version: 0.1.0
- name: data-zookeeper
  repository: file://./subcharts/data/zookeeper
  version: 0.1.0
- name: data-connect
  repository: file://./subcharts/data/connect
  version: 0.1.0
- name: data-schema-registry
  repository: file://./subcharts/data/schema-registry
  version: 0.1.0
- name: data-kafka-ui
  repository: file://./subcharts/data/kafka-ui
  version: 0.1.0
- name: data-kafka-exporter
  repository: file://./subcharts/data/kafka-exporter
  version: 0.1.0
- name: data-redis
  repository: file://./subcharts/data/redis
  version: 0.1.0
- name: data-redis-replica
  repository: file://./subcharts/data/redis-replica
  version: 0.1.0
- name: data-redis-sentinel
  repository: file://./subcharts/data/redis-sentinel
  version: 0.1.0
- name: data-redis-exporter
  repository: file://./subcharts/data/redis-exporter
  version: 0.1.0
- name: data-minio
  repository: file://./subcharts/data/minio
  version: 0.1.0
- name: data-minio-console
  repository: file://./subcharts/data/minio-console
  version: 0.1.0
- name: data-minio-gateway
  repository: file://./subcharts/data/minio-gateway
  version: 0.1.0
- name: data-minio-lifecycle
  repository: file://./subcharts/data/minio-lifecycle
  version: 0.1.0
- name: pipelines-orchestrator
  repository: file://./subcharts/pipelines/orchestrator
  version: 0.1.0
- name: pipelines-ingestion
  repository: file://./subcharts/pipelines/ingestion
  version: 0.1.0
- name: pipelines-transform
  repository: file://./subcharts/pipelines/transform
  version: 0.1.0
- name: pipelines-enrichment
  repository: file://./subcharts/pipelines/enrichment
  version: 0.1.0
- name: pipelines-validation
  repository: file://./subcharts/pipelines/validation
  version: 0.1.0
- name: pipelines-loading
  repository: file://./subcharts/pipelines/loading
  version: 0.1.0
- name: pipelines-dbt
  repository: file://./subcharts/pipelines/dbt
  version: 0.1.0
- name: pipelines-data-quality
  repository: file://./subcharts/pipelines/data-quality
  version: 0.1.0
- name: pipelines-lineage
  repository: file://./subcharts/pipelines/lineage
  version: 0.1.0
- name: pipelines-catalog
  repository: file://./subcharts/pipelines/catalog
  version: 0.1.0
- name: datasets-registry
  repository: file://./subcharts/datasets/registry
  version: 0.1.0
- name: datasets-versioning
  repository: file://./subcharts/datasets/versioning
  version: 0.1.0
- name: datasets-validation
  repository: file://./subcharts/datasets/validation
  version: 0.1.0
- name: datasets-generator
  repository: file://./subcharts/datasets/generator
  version: 0.1.0
- name: datasets-activator
  repository: file://./subcharts/datasets/activator
  version: 0.1.0
- name: vector-qdrant
  repository: file://./subcharts/vector/qdrant
  version: 0.1.0
- name: vector-indexer
  repository: file://./subcharts/vector/indexer
  version: 0.1.0
- name: vector-search
  repository: file://./subcharts/vector/search
  version: 0.1.0
- name: ui-web
  repository: file://./subcharts/ui/web
  version: 0.1.0
- name: ui-storybook
  repository: file://./subcharts/ui/storybook
  version: 0.1.0
- name: auth-keycloak
  repository: file://./subcharts/auth/keycloak
  version: 0.1.0
- name: auth-keycloak-db
  repository: file://./subcharts/auth/keycloak-db
  version: 0.1.0
- name: auth-oauth-proxy
  repository: file://./subcharts/auth/oauth-proxy
  version: 0.1.0
- name: auth-jwt-validator
  repository: file://./subcharts/auth/jwt-validator
  version: 0.1.0
- name: auth-session
  repository: file://./subcharts/auth/session
  version: 0.1.0
- name: auth-mfa
  repository: file://./subcharts/auth/mfa
  version: 0.1.0
- name: authz-opa
  repository: file://./subcharts/authz/opa
  version: 0.1.0
- name: authz-policy
  repository: file://./subcharts/authz/policy
  version: 0.1.0
- name: authz-rbac
  repository: file://./subcharts/authz/rbac
  version: 0.1.0
- name: authz-permissions
  repository: file://./subcharts/authz/permissions
  version: 0.1.0
- name: secrets-vault
  repository: file://./subcharts/secrets/vault
  version: 0.1.0
- name: secrets-external-secrets
  repository: file://./subcharts/secrets/external-secrets
  version: 0.1.0
- name: secrets-sealed-secrets
  repository: file://./subcharts/secrets/sealed-secrets
  version: 0.1.0
- name: secrets-cert-manager
  repository: file://./subcharts/secrets/cert-manager
  version: 0.1.0
- name: security-trivy
  repository: file://./subcharts/security/trivy
  version: 0.1.0
- name: security-falco
  repository: file://./subcharts/security/falco
  version: 0.1.0
- name: security-trufflehog
  repository: file://./subcharts/security/trufflehog
  version: 0.1.0
- name: security-netpol
  repository: file://./subcharts/security/netpol
  version: 0.1.0
- name: security-audit
  repository: file://./subcharts/security/audit
  version: 0.1.0
- name: security-ids
  repository: file://./subcharts/security/ids
  version: 0.1.0
- name: observability-prometheus
  repository: file://./subcharts/observability/prometheus
  version: 0.1.0
- name: observability-thanos-query
  repository: file://./subcharts/observability/thanos-query
  version: 0.1.0
- name: observability-thanos-store
  repository: file://./subcharts/observability/thanos-store
  version: 0.1.0
- name: observability-alertmanager
  repository: file://./subcharts/observability/alertmanager
  version: 0.1.0
- name: observability-pushgateway
  repository: file://./subcharts/observability/pushgateway
  version: 0.1.0
- name: observability-node-exporter
  repository: file://./subcharts/observability/node-exporter
  version: 0.1.0
- name: observability-ksm
  repository: file://./subcharts/observability/ksm
  version: 0.1.0
- name: observability-loki
  repository: file://./subcharts/observability/loki
  version: 0.1.0
- name: observability-promtail
  repository: file://./subcharts/observability/promtail
  version: 0.1.0
- name: observability-fluent-bit
  repository: file://./subcharts/observability/fluent-bit
  version: 0.1.0
- name: observability-aggregator
  repository: file://./subcharts/observability/aggregator
  version: 0.1.0
- name: observability-parser
  repository: file://./subcharts/observability/parser
  version: 0.1.0
- name: observability-log-alerter
  repository: file://./subcharts/observability/log-alerter
  version: 0.1.0
- name: observability-tempo
  repository: file://./subcharts/observability/tempo
  version: 0.1.0
- name: observability-otel
  repository: file://./subcharts/observability/otel
  version: 0.1.0
- name: observability-jaeger
  repository: file://./subcharts/observability/jaeger
  version: 0.1.0
- name: observability-sampler
  repository: file://./subcharts/observability/sampler
  version: 0.1.0
- name: observability-grafana
  repository: file://./subcharts/observability/grafana
  version: 0.1.0
- name: observability-dashboards
  repository: file://./subcharts/observability/dashboards
  version: 0.1.0
- name: observability-datasources
  repository: file://./subcharts/observability/datasources
  version: 0.1.0
- name: observability-alerting
  repository: file://./subcharts/observability/alerting
  version: 0.1.0
- name: observability-argusdb
  repository: file://./subcharts/observability/argusdb
  version: 0.1.0
- name: observability-argusdb-writer
  repository: file://./subcharts/observability/argusdb-writer
  version: 0.1.0
- name: observability-argusdb-reader
  repository: file://./subcharts/observability/argusdb-reader
  version: 0.1.0
- name: observability-argusdb-gc
  repository: file://./subcharts/observability/argusdb-gc
  version: 0.1.0
- name: azr-orchestrator
  repository: file://./subcharts/azr/orchestrator
  version: 0.1.0
- name: azr-scheduler
  repository: file://./subcharts/azr/scheduler
  version: 0.1.0
- name: azr-executor
  repository: file://./subcharts/azr/executor
  version: 0.1.0
- name: azr-evaluator
  repository: file://./subcharts/azr/evaluator
  version: 0.1.0
- name: azr-policy
  repository: file://./subcharts/azr/policy
  version: 0.1.0
- name: azr-state
  repository: file://./subcharts/azr/state
  version: 0.1.0
- name: azr-agents-mistral
  repository: file://./subcharts/azr/agents/mistral
  version: 0.1.0
- name: azr-agents-gemini
  repository: file://./subcharts/azr/agents/gemini
  version: 0.1.0
- name: azr-agents-aider
  repository: file://./subcharts/azr/agents/aider
  version: 0.1.0
- name: azr-agents-github
  repository: file://./subcharts/azr/agents/github
  version: 0.1.0
- name: azr-agents-test-runner
  repository: file://./subcharts/azr/agents/test-runner
  version: 0.1.0
- name: azr-agents-security
  repository: file://./subcharts/azr/agents/security
  version: 0.1.0
- name: azr-pipelines-diagnose
  repository: file://./subcharts/azr/pipelines/diagnose
  version: 0.1.0
- name: azr-pipelines-augment
  repository: file://./subcharts/azr/pipelines/augment
  version: 0.1.0
- name: azr-pipelines-train
  repository: file://./subcharts/azr/pipelines/train
  version: 0.1.0
- name: azr-pipelines-promote
  repository: file://./subcharts/azr/pipelines/promote
  version: 0.1.0
- name: azr-ui
  repository: file://./subcharts/azr/ui
  version: 0.1.0
- name: azr-api
  repository: file://./subcharts/azr/api
  version: 0.1.0
- name: azr-webhook
  repository: file://./subcharts/azr/webhook
  version: 0.1.0
- name: azr-notifier
  repository: file://./subcharts/azr/notifier
  version: 0.1.0
- name: gitops-argocd
  repository: file://./subcharts/gitops/argocd
  version: 0.1.0
- name: gitops-argocd-repo
  repository: file://./subcharts/gitops/argocd-repo
  version: 0.1.0
- name: gitops-argocd-controller
  repository: file://./subcharts/gitops/argocd-controller
  version: 0.1.0
- name: gitops-argocd-appset
  repository: file://./subcharts/gitops/argocd-appset
  version: 0.1.0
- name: gitops-argocd-notifications
  repository: file://./subcharts/gitops/argocd-notifications
  version: 0.1.0
- name: ci-github-runner
  repository: file://./subcharts/ci/github-runner
  version: 0.1.0
- name: ci-tekton
  repository: file://./subcharts/ci/tekton
  version: 0.1.0
- name: ci-kaniko
  repository: file://./subcharts/ci/kaniko
  version: 0.1.0
- name: ci-harbor
  repository: file://./subcharts/ci/harbor
  version: 0.1.0
- name: ci-sonarqube
  repository: file://./subcharts/ci/sonarqube
  version: 0.1.0
- name: ci-renovate
  repository: file://./subcharts/ci/renovate
  version: 0.1.0
- name: ci-semantic-release
  repository: file://./subcharts/ci/semantic-release
  version: 0.1.0
- name: ci-changelog
  repository: file://./subcharts/ci/changelog
  version: 0.1.0
- name: ci-docs
  repository: file://./subcharts/ci/docs
  version: 0.1.0
- name: ci-notifier
  repository: file://./subcharts/ci/notifier
  version: 0.1.0
- name: jobs-db-migration
  repository: file://./subcharts/jobs/db-migration
  version: 0.1.0
- name: jobs-index-rebuild
  repository: file://./subcharts/jobs/index-rebuild
  version: 0.1.0
- name: jobs-cache-warmup
  repository: file://./subcharts/jobs/cache-warmup
  version: 0.1.0
- name: jobs-reports
  repository: file://./subcharts/jobs/reports
  version: 0.1.0
- name: jobs-cleanup
  repository: file://./subcharts/jobs/cleanup
  version: 0.1.0
- name: jobs-backup
  repository: file://./subcharts/jobs/backup
  version: 0.1.0
- name: jobs-health
  repository: file://./subcharts/jobs/health
  version: 0.1.0
- name: jobs-metrics
  repository: file://./subcharts/jobs/metrics
  version: 0.1.0
- name: jobs-certs
  repository: file://./subcharts/jobs/certs
  version: 0.1.0
- name: jobs-log-rotation
  repository: file://./subcharts/jobs/log-rotation
  version: 0.1.0
digest: sha256:62072d37945cb90970a83221c5ac28ee23a7e600f7ed8d0371f31d5f0482b360
generated: "2026-02-05T02:06:27.925324+02:00"
